// !$*UTF8*$!
{
	archiveVersion = 1;
	classes = {
	};
	objectVersion = 55;
	objects = {

/* Begin PBXBuildFile section */
		23117370282C436B00B35015 /* LogInViewController.swift in Sources */ = {isa = PBXBuildFile; fileRef = 2311736F282C436B00B35015 /* LogInViewController.swift */; };
		231ECA83283113BB0045839F /* PostModel.swift in Sources */ = {isa = PBXBuildFile; fileRef = 231ECA82283113BB0045839F /* PostModel.swift */; };
		231ECA852831313F0045839F /* PostTableViewCell.swift in Sources */ = {isa = PBXBuildFile; fileRef = 231ECA842831313F0045839F /* PostTableViewCell.swift */; };
		231ECA8728313BE50045839F /* UIView+extention.swift in Sources */ = {isa = PBXBuildFile; fileRef = 231ECA8628313BE50045839F /* UIView+extention.swift */; };
		2341B8D92835885B0080DE70 /* PhotosCollectionViewCell.swift in Sources */ = {isa = PBXBuildFile; fileRef = 2341B8D82835885B0080DE70 /* PhotosCollectionViewCell.swift */; };
		2341B8DB2835966F0080DE70 /* PhotoModel.swift in Sources */ = {isa = PBXBuildFile; fileRef = 2341B8DA2835966F0080DE70 /* PhotoModel.swift */; };
		2344F34728294FF200F54DF6 /* ProfileHeaderView.swift in Sources */ = {isa = PBXBuildFile; fileRef = 2344F34628294FF200F54DF6 /* ProfileHeaderView.swift */; };
		236106AC282467A300F05A68 /* SceneDelegate.swift in Sources */ = {isa = PBXBuildFile; fileRef = 236106AB282467A300F05A68 /* SceneDelegate.swift */; };
		2371C02A28340E26005EF516 /* PhotosTableViewCell.swift in Sources */ = {isa = PBXBuildFile; fileRef = 2371C02928340E26005EF516 /* PhotosTableViewCell.swift */; };
		2371C02C28343E46005EF516 /* PhotosViewController.swift in Sources */ = {isa = PBXBuildFile; fileRef = 2371C02B28343E46005EF516 /* PhotosViewController.swift */; };
		23A4161F283D6EBB00E9EB23 /* Animations.swift in Sources */ = {isa = PBXBuildFile; fileRef = 23A4161E283D6EBB00E9EB23 /* Animations.swift */; };
		23A41623283EA9B800E9EB23 /* Account.swift in Sources */ = {isa = PBXBuildFile; fileRef = 23A41622283EA9B800E9EB23 /* Account.swift */; };
		23A41625283FFE4C00E9EB23 /* PostVC.swift in Sources */ = {isa = PBXBuildFile; fileRef = 23A41624283FFE4C00E9EB23 /* PostVC.swift */; };
		23BB35D9282066D800412D8D /* AppDelegate.swift in Sources */ = {isa = PBXBuildFile; fileRef = 23BB35D8282066D800412D8D /* AppDelegate.swift */; };
		23BB35DD282066D800412D8D /* FeedViewController.swift in Sources */ = {isa = PBXBuildFile; fileRef = 23BB35DC282066D800412D8D /* FeedViewController.swift */; };
		23BB35E2282066DF00412D8D /* Assets.xcassets in Resources */ = {isa = PBXBuildFile; fileRef = 23BB35E1282066DF00412D8D /* Assets.xcassets */; };
		23BB35E5282066DF00412D8D /* LaunchScreen.storyboard in Resources */ = {isa = PBXBuildFile; fileRef = 23BB35E3282066DF00412D8D /* LaunchScreen.storyboard */; };
		23BB35F52822BE4200412D8D /* MainTabViewController.swift in Sources */ = {isa = PBXBuildFile; fileRef = 23BB35F42822BE4200412D8D /* MainTabViewController.swift */; };
		23BB35F72822BEBC00412D8D /* ProfileViewController.swift in Sources */ = {isa = PBXBuildFile; fileRef = 23BB35F62822BEBC00412D8D /* ProfileViewController.swift */; };
		23BB35F92822C36500412D8D /* PostViewController.swift in Sources */ = {isa = PBXBuildFile; fileRef = 23BB35F82822C36500412D8D /* PostViewController.swift */; };
		23BB35FB2822C7F100412D8D /* InfoViewController.swift in Sources */ = {isa = PBXBuildFile; fileRef = 23BB35FA2822C7F100412D8D /* InfoViewController.swift */; };
/* End PBXBuildFile section */

/* Begin PBXFileReference section */
		2311736F282C436B00B35015 /* LogInViewController.swift */ = {isa = PBXFileReference; lastKnownFileType = sourcecode.swift; path = LogInViewController.swift; sourceTree = "<group>"; tabWidth = 4; };
		231ECA82283113BB0045839F /* PostModel.swift */ = {isa = PBXFileReference; lastKnownFileType = sourcecode.swift; path = PostModel.swift; sourceTree = "<group>"; };
		231ECA842831313F0045839F /* PostTableViewCell.swift */ = {isa = PBXFileReference; lastKnownFileType = sourcecode.swift; path = PostTableViewCell.swift; sourceTree = "<group>"; };
		231ECA8628313BE50045839F /* UIView+extention.swift */ = {isa = PBXFileReference; lastKnownFileType = sourcecode.swift; path = "UIView+extention.swift"; sourceTree = "<group>"; };
		2341B8D82835885B0080DE70 /* PhotosCollectionViewCell.swift */ = {isa = PBXFileReference; lastKnownFileType = sourcecode.swift; path = PhotosCollectionViewCell.swift; sourceTree = "<group>"; };
		2341B8DA2835966F0080DE70 /* PhotoModel.swift */ = {isa = PBXFileReference; lastKnownFileType = sourcecode.swift; path = PhotoModel.swift; sourceTree = "<group>"; };
		2344F34628294FF200F54DF6 /* ProfileHeaderView.swift */ = {isa = PBXFileReference; lastKnownFileType = sourcecode.swift; path = ProfileHeaderView.swift; sourceTree = "<group>"; };
		236106AB282467A300F05A68 /* SceneDelegate.swift */ = {isa = PBXFileReference; fileEncoding = 4; lastKnownFileType = sourcecode.swift; path = SceneDelegate.swift; sourceTree = "<group>"; };
		2371C02928340E26005EF516 /* PhotosTableViewCell.swift */ = {isa = PBXFileReference; lastKnownFileType = sourcecode.swift; path = PhotosTableViewCell.swift; sourceTree = "<group>"; };
		2371C02B28343E46005EF516 /* PhotosViewController.swift */ = {isa = PBXFileReference; lastKnownFileType = sourcecode.swift; path = PhotosViewController.swift; sourceTree = "<group>"; };
		23A4161E283D6EBB00E9EB23 /* Animations.swift */ = {isa = PBXFileReference; lastKnownFileType = sourcecode.swift; path = Animations.swift; sourceTree = "<group>"; };
		23A41622283EA9B800E9EB23 /* Account.swift */ = {isa = PBXFileReference; lastKnownFileType = sourcecode.swift; path = Account.swift; sourceTree = "<group>"; };
		23A41624283FFE4C00E9EB23 /* PostVC.swift */ = {isa = PBXFileReference; lastKnownFileType = sourcecode.swift; path = PostVC.swift; sourceTree = "<group>"; };
		23BB35D5282066D800412D8D /* Navigation.app */ = {isa = PBXFileReference; explicitFileType = wrapper.application; includeInIndex = 0; path = Navigation.app; sourceTree = BUILT_PRODUCTS_DIR; };
		23BB35D8282066D800412D8D /* AppDelegate.swift */ = {isa = PBXFileReference; lastKnownFileType = sourcecode.swift; path = AppDelegate.swift; sourceTree = "<group>"; };
		23BB35DC282066D800412D8D /* FeedViewController.swift */ = {isa = PBXFileReference; lastKnownFileType = sourcecode.swift; path = FeedViewController.swift; sourceTree = "<group>"; };
		23BB35E1282066DF00412D8D /* Assets.xcassets */ = {isa = PBXFileReference; lastKnownFileType = folder.assetcatalog; path = Assets.xcassets; sourceTree = "<group>"; };
		23BB35E4282066DF00412D8D /* Base */ = {isa = PBXFileReference; lastKnownFileType = file.storyboard; name = Base; path = Base.lproj/LaunchScreen.storyboard; sourceTree = "<group>"; };
		23BB35E6282066DF00412D8D /* Info.plist */ = {isa = PBXFileReference; lastKnownFileType = text.plist.xml; path = Info.plist; sourceTree = "<group>"; };
		23BB35F42822BE4200412D8D /* MainTabViewController.swift */ = {isa = PBXFileReference; lastKnownFileType = sourcecode.swift; path = MainTabViewController.swift; sourceTree = "<group>"; };
		23BB35F62822BEBC00412D8D /* ProfileViewController.swift */ = {isa = PBXFileReference; lastKnownFileType = sourcecode.swift; path = ProfileViewController.swift; sourceTree = "<group>"; };
		23BB35F82822C36500412D8D /* PostViewController.swift */ = {isa = PBXFileReference; lastKnownFileType = sourcecode.swift; path = PostViewController.swift; sourceTree = "<group>"; };
		23BB35FA2822C7F100412D8D /* InfoViewController.swift */ = {isa = PBXFileReference; lastKnownFileType = sourcecode.swift; path = InfoViewController.swift; sourceTree = "<group>"; };
/* End PBXFileReference section */

/* Begin PBXFrameworksBuildPhase section */
		23BB35D2282066D800412D8D /* Frameworks */ = {
			isa = PBXFrameworksBuildPhase;
			buildActionMask = 2147483647;
			files = (
			);
			runOnlyForDeploymentPostprocessing = 0;
		};
/* End PBXFrameworksBuildPhase section */

/* Begin PBXGroup section */
		2344F34528294EA200F54DF6 /* Profile */ = {
			isa = PBXGroup;
			children = (
				23BB35F62822BEBC00412D8D /* ProfileViewController.swift */,
				2371C02B28343E46005EF516 /* PhotosViewController.swift */,
				2341B8D82835885B0080DE70 /* PhotosCollectionViewCell.swift */,
				2344F34628294FF200F54DF6 /* ProfileHeaderView.swift */,
				2311736F282C436B00B35015 /* LogInViewController.swift */,
				23A41622283EA9B800E9EB23 /* Account.swift */,
				2371C02928340E26005EF516 /* PhotosTableViewCell.swift */,
				231ECA842831313F0045839F /* PostTableViewCell.swift */,
				23A41624283FFE4C00E9EB23 /* PostVC.swift */,
				231ECA82283113BB0045839F /* PostModel.swift */,
				2341B8DA2835966F0080DE70 /* PhotoModel.swift */,
				23A4161E283D6EBB00E9EB23 /* Animations.swift */,
				231ECA8628313BE50045839F /* UIView+extention.swift */,
			);
			path = Profile;
			sourceTree = "<group>";
		};
		23BB35CC282066D800412D8D = {
			isa = PBXGroup;
			children = (
				23BB35D7282066D800412D8D /* Navigation */,
				23BB35D6282066D800412D8D /* Products */,
			);
			sourceTree = "<group>";
		};
		23BB35D6282066D800412D8D /* Products */ = {
			isa = PBXGroup;
			children = (
				23BB35D5282066D800412D8D /* Navigation.app */,
			);
			name = Products;
			sourceTree = "<group>";
		};
		23BB35D7282066D800412D8D /* Navigation */ = {
			isa = PBXGroup;
			children = (
				2344F34528294EA200F54DF6 /* Profile */,
				23BB35D8282066D800412D8D /* AppDelegate.swift */,
				236106AB282467A300F05A68 /* SceneDelegate.swift */,
				23BB35F42822BE4200412D8D /* MainTabViewController.swift */,
				23BB35DC282066D800412D8D /* FeedViewController.swift */,
				23BB35F82822C36500412D8D /* PostViewController.swift */,
				23BB35FA2822C7F100412D8D /* InfoViewController.swift */,
				23BB35E1282066DF00412D8D /* Assets.xcassets */,
				23BB35E3282066DF00412D8D /* LaunchScreen.storyboard */,
				23BB35E6282066DF00412D8D /* Info.plist */,
			);
			path = Navigation;
			sourceTree = "<group>";
		};
/* End PBXGroup section */

/* Begin PBXNativeTarget section */
		23BB35D4282066D800412D8D /* Navigation */ = {
			isa = PBXNativeTarget;
			buildConfigurationList = 23BB35E9282066DF00412D8D /* Build configuration list for PBXNativeTarget "Navigation" */;
			buildPhases = (
				23BB35D1282066D800412D8D /* Sources */,
				23BB35D2282066D800412D8D /* Frameworks */,
				23BB35D3282066D800412D8D /* Resources */,
			);
			buildRules = (
			);
			dependencies = (
			);
			name = Navigation;
			productName = Navigation;
			productReference = 23BB35D5282066D800412D8D /* Navigation.app */;
			productType = "com.apple.product-type.application";
		};
/* End PBXNativeTarget section */

/* Begin PBXProject section */
		23BB35CD282066D800412D8D /* Project object */ = {
			isa = PBXProject;
			attributes = {
				BuildIndependentTargetsInParallel = 1;
				LastSwiftUpdateCheck = 1300;
				LastUpgradeCheck = 1300;
				TargetAttributes = {
					23BB35D4282066D800412D8D = {
						CreatedOnToolsVersion = 13.0;
					};
				};
			};
			buildConfigurationList = 23BB35D0282066D800412D8D /* Build configuration list for PBXProject "Navigation" */;
			compatibilityVersion = "Xcode 13.0";
			developmentRegion = en;
			hasScannedForEncodings = 0;
			knownRegions = (
				en,
				Base,
			);
			mainGroup = 23BB35CC282066D800412D8D;
			productRefGroup = 23BB35D6282066D800412D8D /* Products */;
			projectDirPath = "";
			projectRoot = "";
			targets = (
				23BB35D4282066D800412D8D /* Navigation */,
			);
		};
/* End PBXProject section */

/* Begin PBXResourcesBuildPhase section */
		23BB35D3282066D800412D8D /* Resources */ = {
			isa = PBXResourcesBuildPhase;
			buildActionMask = 2147483647;
			files = (
				23BB35E5282066DF00412D8D /* LaunchScreen.storyboard in Resources */,
				23BB35E2282066DF00412D8D /* Assets.xcassets in Resources */,
			);
			runOnlyForDeploymentPostprocessing = 0;
		};
/* End PBXResourcesBuildPhase section */

/* Begin PBXSourcesBuildPhase section */
		23BB35D1282066D800412D8D /* Sources */ = {
			isa = PBXSourcesBuildPhase;
			buildActionMask = 2147483647;
			files = (
				23BB35DD282066D800412D8D /* FeedViewController.swift in Sources */,
				236106AC282467A300F05A68 /* SceneDelegate.swift in Sources */,
				23A4161F283D6EBB00E9EB23 /* Animations.swift in Sources */,
				2341B8DB2835966F0080DE70 /* PhotoModel.swift in Sources */,
				23117370282C436B00B35015 /* LogInViewController.swift in Sources */,
				23A41625283FFE4C00E9EB23 /* PostVC.swift in Sources */,
				23BB35D9282066D800412D8D /* AppDelegate.swift in Sources */,
				23BB35F72822BEBC00412D8D /* ProfileViewController.swift in Sources */,
				23BB35F52822BE4200412D8D /* MainTabViewController.swift in Sources */,
				23BB35FB2822C7F100412D8D /* InfoViewController.swift in Sources */,
				23BB35F92822C36500412D8D /* PostViewController.swift in Sources */,
				2344F34728294FF200F54DF6 /* ProfileHeaderView.swift in Sources */,
				2371C02A28340E26005EF516 /* PhotosTableViewCell.swift in Sources */,
				231ECA8728313BE50045839F /* UIView+extention.swift in Sources */,
				2341B8D92835885B0080DE70 /* PhotosCollectionViewCell.swift in Sources */,
				2371C02C28343E46005EF516 /* PhotosViewController.swift in Sources */,
				23A41623283EA9B800E9EB23 /* Account.swift in Sources */,
				231ECA83283113BB0045839F /* PostModel.swift in Sources */,
				231ECA852831313F0045839F /* PostTableViewCell.swift in Sources */,
			);
			runOnlyForDeploymentPostprocessing = 0;
		};
/* End PBXSourcesBuildPhase section */

/* Begin PBXVariantGroup section */
		23BB35E3282066DF00412D8D /* LaunchScreen.storyboard */ = {
			isa = PBXVariantGroup;
			children = (
				23BB35E4282066DF00412D8D /* Base */,
			);
			name = LaunchScreen.storyboard;
			sourceTree = "<group>";
		};
/* End PBXVariantGroup section */

/* Begin XCBuildConfiguration section */
		23BB35E7282066DF00412D8D /* Debug */ = {
			isa = XCBuildConfiguration;
			buildSettings = {
				ALWAYS_SEARCH_USER_PATHS = NO;
				CLANG_ANALYZER_NONNULL = YES;
				CLANG_ANALYZER_NUMBER_OBJECT_CONVERSION = YES_AGGRESSIVE;
				CLANG_CXX_LANGUAGE_STANDARD = "gnu++17";
				CLANG_CXX_LIBRARY = "libc++";
				CLANG_ENABLE_MODULES = YES;
				CLANG_ENABLE_OBJC_ARC = YES;
				CLANG_ENABLE_OBJC_WEAK = YES;
				CLANG_WARN_BLOCK_CAPTURE_AUTORELEASING = YES;
				CLANG_WARN_BOOL_CONVERSION = YES;
				CLANG_WARN_COMMA = YES;
				CLANG_WARN_CONSTANT_CONVERSION = YES;
				CLANG_WARN_DEPRECATED_OBJC_IMPLEMENTATIONS = YES;
				CLANG_WARN_DIRECT_OBJC_ISA_USAGE = YES_ERROR;
				CLANG_WARN_DOCUMENTATION_COMMENTS = YES;
				CLANG_WARN_EMPTY_BODY = YES;
				CLANG_WARN_ENUM_CONVERSION = YES;
				CLANG_WARN_INFINITE_RECURSION = YES;
				CLANG_WARN_INT_CONVERSION = YES;
				CLANG_WARN_NON_LITERAL_NULL_CONVERSION = YES;
				CLANG_WARN_OBJC_IMPLICIT_RETAIN_SELF = YES;
				CLANG_WARN_OBJC_LITERAL_CONVERSION = YES;
				CLANG_WARN_OBJC_ROOT_CLASS = YES_ERROR;
				CLANG_WARN_QUOTED_INCLUDE_IN_FRAMEWORK_HEADER = YES;
				CLANG_WARN_RANGE_LOOP_ANALYSIS = YES;
				CLANG_WARN_STRICT_PROTOTYPES = YES;
				CLANG_WARN_SUSPICIOUS_MOVE = YES;
				CLANG_WARN_UNGUARDED_AVAILABILITY = YES_AGGRESSIVE;
				CLANG_WARN_UNREACHABLE_CODE = YES;
				CLANG_WARN__DUPLICATE_METHOD_MATCH = YES;
				COPY_PHASE_STRIP = NO;
				DEBUG_INFORMATION_FORMAT = dwarf;
				ENABLE_STRICT_OBJC_MSGSEND = YES;
				ENABLE_TESTABILITY = YES;
				GCC_C_LANGUAGE_STANDARD = gnu11;
				GCC_DYNAMIC_NO_PIC = NO;
				GCC_NO_COMMON_BLOCKS = YES;
				GCC_OPTIMIZATION_LEVEL = 0;
				GCC_PREPROCESSOR_DEFINITIONS = (
					"DEBUG=1",
					"$(inherited)",
				);
				GCC_WARN_64_TO_32_BIT_CONVERSION = YES;
				GCC_WARN_ABOUT_RETURN_TYPE = YES_ERROR;
				GCC_WARN_UNDECLARED_SELECTOR = YES;
				GCC_WARN_UNINITIALIZED_AUTOS = YES_AGGRESSIVE;
				GCC_WARN_UNUSED_FUNCTION = YES;
				GCC_WARN_UNUSED_VARIABLE = YES;
				IPHONEOS_DEPLOYMENT_TARGET = 15.0;
				MTL_ENABLE_DEBUG_INFO = INCLUDE_SOURCE;
				MTL_FAST_MATH = YES;
				ONLY_ACTIVE_ARCH = YES;
				SDKROOT = iphoneos;
				SWIFT_ACTIVE_COMPILATION_CONDITIONS = DEBUG;
				SWIFT_OPTIMIZATION_LEVEL = "-Onone";
			};
			name = Debug;
		};
		23BB35E8282066DF00412D8D /* Release */ = {
			isa = XCBuildConfiguration;
			buildSettings = {
				ALWAYS_SEARCH_USER_PATHS = NO;
				CLANG_ANALYZER_NONNULL = YES;
				CLANG_ANALYZER_NUMBER_OBJECT_CONVERSION = YES_AGGRESSIVE;
				CLANG_CXX_LANGUAGE_STANDARD = "gnu++17";
				CLANG_CXX_LIBRARY = "libc++";
				CLANG_ENABLE_MODULES = YES;
				CLANG_ENABLE_OBJC_ARC = YES;
				CLANG_ENABLE_OBJC_WEAK = YES;
				CLANG_WARN_BLOCK_CAPTURE_AUTORELEASING = YES;
				CLANG_WARN_BOOL_CONVERSION = YES;
				CLANG_WARN_COMMA = YES;
				CLANG_WARN_CONSTANT_CONVERSION = YES;
				CLANG_WARN_DEPRECATED_OBJC_IMPLEMENTATIONS = YES;
				CLANG_WARN_DIRECT_OBJC_ISA_USAGE = YES_ERROR;
				CLANG_WARN_DOCUMENTATION_COMMENTS = YES;
				CLANG_WARN_EMPTY_BODY = YES;
				CLANG_WARN_ENUM_CONVERSION = YES;
				CLANG_WARN_INFINITE_RECURSION = YES;
				CLANG_WARN_INT_CONVERSION = YES;
				CLANG_WARN_NON_LITERAL_NULL_CONVERSION = YES;
				CLANG_WARN_OBJC_IMPLICIT_RETAIN_SELF = YES;
				CLANG_WARN_OBJC_LITERAL_CONVERSION = YES;
				CLANG_WARN_OBJC_ROOT_CLASS = YES_ERROR;
				CLANG_WARN_QUOTED_INCLUDE_IN_FRAMEWORK_HEADER = YES;
				CLANG_WARN_RANGE_LOOP_ANALYSIS = YES;
				CLANG_WARN_STRICT_PROTOTYPES = YES;
				CLANG_WARN_SUSPICIOUS_MOVE = YES;
				CLANG_WARN_UNGUARDED_AVAILABILITY = YES_AGGRESSIVE;
				CLANG_WARN_UNREACHABLE_CODE = YES;
				CLANG_WARN__DUPLICATE_METHOD_MATCH = YES;
				COPY_PHASE_STRIP = NO;
				DEBUG_INFORMATION_FORMAT = "dwarf-with-dsym";
				ENABLE_NS_ASSERTIONS = NO;
				ENABLE_STRICT_OBJC_MSGSEND = YES;
				GCC_C_LANGUAGE_STANDARD = gnu11;
				GCC_NO_COMMON_BLOCKS = YES;
				GCC_WARN_64_TO_32_BIT_CONVERSION = YES;
				GCC_WARN_ABOUT_RETURN_TYPE = YES_ERROR;
				GCC_WARN_UNDECLARED_SELECTOR = YES;
				GCC_WARN_UNINITIALIZED_AUTOS = YES_AGGRESSIVE;
				GCC_WARN_UNUSED_FUNCTION = YES;
				GCC_WARN_UNUSED_VARIABLE = YES;
				IPHONEOS_DEPLOYMENT_TARGET = 15.0;
				MTL_ENABLE_DEBUG_INFO = NO;
				MTL_FAST_MATH = YES;
				SDKROOT = iphoneos;
				SWIFT_COMPILATION_MODE = wholemodule;
				SWIFT_OPTIMIZATION_LEVEL = "-O";
				VALIDATE_PRODUCT = YES;
			};
			name = Release;
		};
		23BB35EA282066DF00412D8D /* Debug */ = {
			isa = XCBuildConfiguration;
			buildSettings = {
				ASSETCATALOG_COMPILER_APPICON_NAME = AppIcon;
				ASSETCATALOG_COMPILER_GLOBAL_ACCENT_COLOR_NAME = AccentColor;
				CODE_SIGN_STYLE = Automatic;
				CURRENT_PROJECT_VERSION = 1;
				GENERATE_INFOPLIST_FILE = YES;
				INFOPLIST_FILE = Navigation/Info.plist;
				INFOPLIST_KEY_UIApplicationSupportsIndirectInputEvents = YES;
				INFOPLIST_KEY_UILaunchStoryboardName = LaunchScreen;
				INFOPLIST_KEY_UISupportedInterfaceOrientations_iPad = "UIInterfaceOrientationPortrait UIInterfaceOrientationPortraitUpsideDown UIInterfaceOrientationLandscapeLeft UIInterfaceOrientationLandscapeRight";
				INFOPLIST_KEY_UISupportedInterfaceOrientations_iPhone = "UIInterfaceOrientationPortrait UIInterfaceOrientationLandscapeLeft UIInterfaceOrientationLandscapeRight";
				LD_RUNPATH_SEARCH_PATHS = (
					"$(inherited)",
					"@executable_path/Frameworks",
				);
				MARKETING_VERSION = 1.0;
				PRODUCT_BUNDLE_IDENTIFIER = homeProject.Navigation;
				PRODUCT_NAME = "$(TARGET_NAME)";
				SWIFT_EMIT_LOC_STRINGS = YES;
				SWIFT_VERSION = 5.0;
				TARGETED_DEVICE_FAMILY = "1,2";
			};
			name = Debug;
		};
		23BB35EB282066DF00412D8D /* Release */ = {
			isa = XCBuildConfiguration;
			buildSettings = {
				ASSETCATALOG_COMPILER_APPICON_NAME = AppIcon;
				ASSETCATALOG_COMPILER_GLOBAL_ACCENT_COLOR_NAME = AccentColor;
				CODE_SIGN_STYLE = Automatic;
				CURRENT_PROJECT_VERSION = 1;
				GENERATE_INFOPLIST_FILE = YES;
				INFOPLIST_FILE = Navigation/Info.plist;
				INFOPLIST_KEY_UIApplicationSupportsIndirectInputEvents = YES;
				INFOPLIST_KEY_UILaunchStoryboardName = LaunchScreen;
				INFOPLIST_KEY_UISupportedInterfaceOrientations_iPad = "UIInterfaceOrientationPortrait UIInterfaceOrientationPortraitUpsideDown UIInterfaceOrientationLandscapeLeft UIInterfaceOrientationLandscapeRight";
				INFOPLIST_KEY_UISupportedInterfaceOrientations_iPhone = "UIInterfaceOrientationPortrait UIInterfaceOrientationLandscapeLeft UIInterfaceOrientationLandscapeRight";
				LD_RUNPATH_SEARCH_PATHS = (
					"$(inherited)",
					"@executable_path/Frameworks",
				);
				MARKETING_VERSION = 1.0;
				PRODUCT_BUNDLE_IDENTIFIER = homeProject.Navigation;
				PRODUCT_NAME = "$(TARGET_NAME)";
				SWIFT_EMIT_LOC_STRINGS = YES;
				SWIFT_VERSION = 5.0;
				TARGETED_DEVICE_FAMILY = "1,2";
			};
			name = Release;
		};
/* End XCBuildConfiguration section */

/* Begin XCConfigurationList section */
		23BB35D0282066D800412D8D /* Build configuration list for PBXProject "Navigation" */ = {
			isa = XCConfigurationList;
			buildConfigurations = (
				23BB35E7282066DF00412D8D /* Debug */,
				23BB35E8282066DF00412D8D /* Release */,
			);
			defaultConfigurationIsVisible = 0;
			defaultConfigurationName = Release;
		};
		23BB35E9282066DF00412D8D /* Build configuration list for PBXNativeTarget "Navigation" */ = {
			isa = XCConfigurationList;
			buildConfigurations = (
				23BB35EA282066DF00412D8D /* Debug */,
				23BB35EB282066DF00412D8D /* Release */,
			);
			defaultConfigurationIsVisible = 0;
			defaultConfigurationName = Release;
		};
/* End XCConfigurationList section */
	};
	rootObject = 23BB35CD282066D800412D8D /* Project object */;
}
